dependencies:
  esp-idf-lib/esp_idf_lib_helpers:
    component_hash: 689853bb8993434f9556af0f2816e808bf77b5d22100144b21f3519993daf237
    dependencies: []
    source:
      registry_url: https://components.espressif.com
      type: service
    targets:
    - esp32
    - esp32c2
    - esp32c3
    - esp32c5
    - esp32c6
    - esp32c61
    - esp32h2
    - esp32p4
    - esp32s2
    - esp32s3
    version: 1.4.0
  esp-idf-lib/i2cdev:
    component_hash: 9e22a91420695242ceac2c00788820ae45826224d38ef003a1a894367c55ede4
    dependencies:
    - name: esp-idf-lib/esp_idf_lib_helpers
      registry_url: https://components.espressif.com
      require: private
      version: '*'
    source:
      registry_url: https://components.espressif.com
      type: service
    targets:
    - esp32
    - esp32c2
    - esp32c3
    - esp32c5
    - esp32c6
    - esp32c61
    - esp32h2
    - esp32p4
    - esp32s2
    - esp32s3
    version: 2.1.1
  esp-idf-lib/pcf8574:
    component_hash: 59283ee5b234c85c3e217c45c4d2bebe6d55b2371d8a85c97d5faefe3943e82f
    dependencies:
    - name: esp-idf-lib/esp_idf_lib_helpers
      registry_url: https://components.espressif.com
      require: private
      version: '*'
    - name: esp-idf-lib/i2cdev
      registry_url: https://components.espressif.com
      require: private
      version: '*'
    source:
      registry_url: https://components.espressif.com/
      type: service
    targets:
    - esp32
    - esp32c2
    - esp32c3
    - esp32c5
    - esp32c6
    - esp32c61
    - esp32h2
    - esp32p4
    - esp32s2
    - esp32s3
    version: 1.0.10
  espressif/ch390:
    component_hash: 07f953aab37fd7c97d2d1467c3845ef2afaff256f4d8bea17faae91f56d0738a
    dependencies:
    - name: idf
      require: private
      version: '>=5.1'
    source:
      registry_url: https://components.espressif.com
      type: service
    version: 0.4.0
  espressif/cmake_utilities:
    component_hash: 351350613ceafba240b761b4ea991e0f231ac7a9f59a9ee901f751bddc0bb18f
    dependencies:
    - name: idf
      require: private
      version: '>=4.1'
    source:
      registry_url: https://components.espressif.com
      type: service
    version: 0.5.3
  espressif/enc28j60:
    component_hash: 664f66c7ed880c157be6410af0ee3b0e8703efad76061bab30daec3d6ef5de22
    dependencies:
    - name: idf
      require: private
      version: '>=4.4'
    source:
      registry_url: https://components.espressif.com
      type: service
    version: 1.1.0
  espressif/ethernet_init:
    component_hash: dc9c9610dc794539e982b774eaffa4a98c2d8c5f99e877b111096fccca667c91
    dependencies:
    - name: espressif/ch390
      registry_url: https://components.espressif.com
      require: private
      version: '*'
    - name: espressif/enc28j60
      registry_url: https://components.espressif.com
      require: private
      version: '*'
    - name: espressif/lan865x
      registry_url: https://components.espressif.com
      require: private
      version: ^0.1.1
    - name: espressif/lan867x
      registry_url: https://components.espressif.com
      require: private
      rules:
      - if: target in [esp32, esp32p4]
      version: '>=2.0.0'
    - name: idf
      require: private
      version: '>=5.4'
    source:
      registry_url: https://components.espressif.com/
      type: service
    version: 0.6.1
  espressif/iot_usbh_cdc:
    component_hash: 3cd0f9f63fba11ac2903b61d0497f19a39f2f0286e58e9d73286ea8edd0fade9
    dependencies:
    - name: espressif/cmake_utilities
      registry_url: https://components.espressif.com
      require: private
      version: '*'
    - name: idf
      require: private
      version: '>=4.4.1'
    source:
      registry_url: https://components.espressif.com
      type: service
    targets:
    - esp32s2
    - esp32s3
    - esp32p4
    version: 2.0.1
  espressif/iot_usbh_modem:
    component_hash: 76752968d0cafe67cf29dc8aef8d7b4e8d08b5c5d9e977c942c07073251b660c
    dependencies:
    - name: espressif/cmake_utilities
      registry_url: https://components.espressif.com
      require: private
      version: 0.*
    - name: espressif/esp_wifi_remote
      registry_url: https://components.espressif.com
      require: private
      rules:
      - if: target in [esp32p4]
      version: 0.*
    - name: idf
      require: private
      version: '>=4.4.1'
    - name: espressif/iot_usbh_cdc
      registry_url: https://components.espressif.com
      require: private
      version: 2.*
    source:
      registry_url: https://components.espressif.com/
      type: service
    targets:
    - esp32s2
    - esp32s3
    - esp32p4
    version: 1.2.0
  espressif/lan865x:
    component_hash: ec3743fc2073fded3557d24f91a345dc389c5f78973411f0a71feddbcb85c6f0
    dependencies:
    - name: espressif/lan86xx_common
      registry_url: https://components.espressif.com
      require: private
      version: '*'
    - name: idf
      require: private
      version: '>=5.2'
    source:
      registry_url: https://components.espressif.com
      type: service
    version: 0.1.4
  espressif/lan86xx_common:
    component_hash: 6dcb1be9f43ae940979bd628fa5bee278949b66c545e1fe2321e486102e81026
    dependencies:
    - name: idf
      require: private
      version: '>=5.2'
    source:
      registry_url: https://components.espressif.com
      type: service
    version: 1.0.0
  garag/esp-idf-pn532:
    component_hash: aac8ca6ebb69a2b4e344991fa1764d2d298ae44bb90f308794a52bc8104c1d9f
    dependencies:
    - name: idf
      require: private
      version: '>=5.2'
    source:
      registry_url: https://components.espressif.com/
      type: service
    version: 0.2.1
  idf:
    source:
      type: idf
    version: 5.5.0
direct_dependencies:
- esp-idf-lib/pcf8574
- espressif/ethernet_init
- espressif/iot_usbh_modem
- garag/esp-idf-pn532
- idf
manifest_hash: 977a05a4585e9758831750725e6bba925896b7dd82cec90ac2baea84b1fac721
target: esp32s3
version: 2.0.0
